
Microsoft Visual Studio Solution File, Format Version 12.00
# Visual Studio Version 17
VisualStudioVersion = 17.11.35327.3
MinimumVisualStudioVersion = 10.0.40219.1
Project("{FAE04EC0-301F-11D3-BF4B-00C04F79EFBC}") = "BikeVille", "BikeVille\BikeVille.csproj", "{F68FACB3-0AF9-4122-B18D-3A932508B1A0}"
EndProject
Global
	GlobalSection(SolutionConfigurationPlatforms) = preSolution
		Debug|Any CPU = Debug|Any CPU
		Release|Any CPU = Release|Any CPU
	EndGlobalSection
	GlobalSection(ProjectConfigurationPlatforms) = postSolution
		{F68FACB3-0AF9-4122-B18D-3A932508B1A0}.Debug|Any CPU.ActiveCfg = Debug|Any CPU
		{F68FACB3-0AF9-4122-B18D-3A932508B1A0}.Debug|Any CPU.Build.0 = Debug|Any CPU
		{F68FACB3-0AF9-4122-B18D-3A932508B1A0}.Release|Any CPU.ActiveCfg = Release|Any CPU
		{F68FACB3-0AF9-4122-B18D-3A932508B1A0}.Release|Any CPU.Build.0 = Release|Any CPU
	EndGlobalSection
	GlobalSection(SolutionProperties) = preSolution
		HideSolutionNode = FALSE
	EndGlobalSection
	GlobalSection(ExtensibilityGlobals) = postSolution
		SolutionGuid = {D83E4DE9-B741-4209-8C1D-EF2B675D8746}
	EndGlobalSection
EndGlobal
